
Microsoft Visual Studio Solution File, Format Version 12.00
# Visual Studio Version 17
VisualStudioVersion = 17.10.35201.131
MinimumVisualStudioVersion = 10.0.40219.1
Project("{FAE04EC0-301F-11D3-BF4B-00C04F79EFBC}") = "Data_query", "Data_query.csproj", "{C9BF84DC-E183-4C70-9D1A-D837D78D6A60}"
EndProject
Global
	GlobalSection(SolutionConfigurationPlatforms) = preSolution
		Debug|Any CPU = Debug|Any CPU
		Release|Any CPU = Release|Any CPU
	EndGlobalSection
	GlobalSection(ProjectConfigurationPlatforms) = postSolution
		{C9BF84DC-E183-4C70-9D1A-D837D78D6A60}.Debug|Any CPU.ActiveCfg = Debug|Any CPU
		{C9BF84DC-E183-4C70-9D1A-D837D78D6A60}.Debug|Any CPU.Build.0 = Debug|Any CPU
		{C9BF84DC-E183-4C70-9D1A-D837D78D6A60}.Release|Any CPU.ActiveCfg = Release|Any CPU
		{C9BF84DC-E183-4C70-9D1A-D837D78D6A60}.Release|Any CPU.Build.0 = Release|Any CPU
	EndGlobalSection
	GlobalSection(SolutionProperties) = preSolution
		HideSolutionNode = FALSE
	EndGlobalSection
	GlobalSection(ExtensibilityGlobals) = postSolution
		SolutionGuid = {2606AFEF-300E-4EF8-BB52-E97819432DB9}
	EndGlobalSection
EndGlobal
